// !$*UTF8*$!
{
	archiveVersion = 1;
	classes = {
	};
	objectVersion = 46;
	objects = {

/* Begin PBXBuildFile section */
		F9E3CA7717716583000C2324 /* UIKit.framework in Frameworks */ = {isa = PBXBuildFile; fileRef = F9E3CA7617716583000C2324 /* UIKit.framework */; };
		F9E3CA7917716583000C2324 /* Foundation.framework in Frameworks */ = {isa = PBXBuildFile; fileRef = F9E3CA7817716583000C2324 /* Foundation.framework */; };
		F9E3CA7B17716583000C2324 /* CoreGraphics.framework in Frameworks */ = {isa = PBXBuildFile; fileRef = F9E3CA7A17716583000C2324 /* CoreGraphics.framework */; };
		F9E3CA8117716583000C2324 /* InfoPlist.strings in Resources */ = {isa = PBXBuildFile; fileRef = F9E3CA7F17716583000C2324 /* InfoPlist.strings */; };
		F9E3CA8317716583000C2324 /* main.m in Sources */ = {isa = PBXBuildFile; fileRef = F9E3CA8217716583000C2324 /* main.m */; };
		F9E3CA8717716583000C2324 /* AppDelegate.m in Sources */ = {isa = PBXBuildFile; fileRef = F9E3CA8617716583000C2324 /* AppDelegate.m */; };
		F9E3CA8A17716583000C2324 /* MainStoryboard.storyboard in Resources */ = {isa = PBXBuildFile; fileRef = F9E3CA8817716583000C2324 /* MainStoryboard.storyboard */; };
		F9E3CA8D17716583000C2324 /* ViewController.m in Sources */ = {isa = PBXBuildFile; fileRef = F9E3CA8C17716583000C2324 /* ViewController.m */; };
		F9E3CA9517716583000C2324 /* SenTestingKit.framework in Frameworks */ = {isa = PBXBuildFile; fileRef = F9E3CA9417716583000C2324 /* SenTestingKit.framework */; };
		F9E3CA9617716583000C2324 /* UIKit.framework in Frameworks */ = {isa = PBXBuildFile; fileRef = F9E3CA7617716583000C2324 /* UIKit.framework */; };
		F9E3CA9717716583000C2324 /* Foundation.framework in Frameworks */ = {isa = PBXBuildFile; fileRef = F9E3CA7817716583000C2324 /* Foundation.framework */; };
		F9E3CA9F17716583000C2324 /* InfoPlist.strings in Resources */ = {isa = PBXBuildFile; fileRef = F9E3CA9D17716583000C2324 /* InfoPlist.strings */; };
		F9E3CAA217716583000C2324 /* RyanMarkRepoTest1Tests.m in Sources */ = {isa = PBXBuildFile; fileRef = F9E3CAA117716583000C2324 /* RyanMarkRepoTest1Tests.m */; };
/* End PBXBuildFile section */

/* Begin PBXContainerItemProxy section */
		F9E3CA9817716583000C2324 /* PBXContainerItemProxy */ = {
			isa = PBXContainerItemProxy;
			containerPortal = F9E3CA6917716583000C2324 /* Project object */;
			proxyType = 1;
			remoteGlobalIDString = F9E3CA7117716583000C2324;
			remoteInfo = RyanMarkRepoTest1;
		};
/* End PBXContainerItemProxy section */

/* Begin PBXFileReference section */
		F9E3CA7217716583000C2324 /* RyanMarkRepoTest1.app */ = {isa = PBXFileReference; explicitFileType = wrapper.application; includeInIndex = 0; path = RyanMarkRepoTest1.app; sourceTree = BUILT_PRODUCTS_DIR; };
		F9E3CA7617716583000C2324 /* UIKit.framework */ = {isa = PBXFileReference; lastKnownFileType = wrapper.framework; name = UIKit.framework; path = System/Library/Frameworks/UIKit.framework; sourceTree = SDKROOT; };
		F9E3CA7817716583000C2324 /* Foundation.framework */ = {isa = PBXFileReference; lastKnownFileType = wrapper.framework; name = Foundation.framework; path = System/Library/Frameworks/Foundation.framework; sourceTree = SDKROOT; };
		F9E3CA7A17716583000C2324 /* CoreGraphics.framework */ = {isa = PBXFileReference; lastKnownFileType = wrapper.framework; name = CoreGraphics.framework; path = System/Library/Frameworks/CoreGraphics.framework; sourceTree = SDKROOT; };
		F9E3CA7E17716583000C2324 /* RyanMarkRepoTest1-Info.plist */ = {isa = PBXFileReference; lastKnownFileType = text.plist.xml; path = "RyanMarkRepoTest1-Info.plist"; sourceTree = "<group>"; };
		F9E3CA8017716583000C2324 /* en */ = {isa = PBXFileReference; lastKnownFileType = text.plist.strings; name = en; path = en.lproj/InfoPlist.strings; sourceTree = "<group>"; };
		F9E3CA8217716583000C2324 /* main.m */ = {isa = PBXFileReference; lastKnownFileType = sourcecode.c.objc; path = main.m; sourceTree = "<group>"; };
		F9E3CA8417716583000C2324 /* RyanMarkRepoTest1-Prefix.pch */ = {isa = PBXFileReference; lastKnownFileType = sourcecode.c.h; path = "RyanMarkRepoTest1-Prefix.pch"; sourceTree = "<group>"; };
		F9E3CA8517716583000C2324 /* AppDelegate.h */ = {isa = PBXFileReference; lastKnownFileType = sourcecode.c.h; path = AppDelegate.h; sourceTree = "<group>"; };
		F9E3CA8617716583000C2324 /* AppDelegate.m */ = {isa = PBXFileReference; lastKnownFileType = sourcecode.c.objc; path = AppDelegate.m; sourceTree = "<group>"; };
		F9E3CA8917716583000C2324 /* en */ = {isa = PBXFileReference; lastKnownFileType = file.storyboard; name = en; path = en.lproj/MainStoryboard.storyboard; sourceTree = "<group>"; };
		F9E3CA8B17716583000C2324 /* ViewController.h */ = {isa = PBXFileReference; lastKnownFileType = sourcecode.c.h; path = ViewController.h; sourceTree = "<group>"; };
		F9E3CA8C17716583000C2324 /* ViewController.m */ = {isa = PBXFileReference; lastKnownFileType = sourcecode.c.objc; path = ViewController.m; sourceTree = "<group>"; };
		F9E3CA9317716583000C2324 /* RyanMarkRepoTest1Tests.octest */ = {isa = PBXFileReference; explicitFileType = wrapper.cfbundle; includeInIndex = 0; path = RyanMarkRepoTest1Tests.octest; sourceTree = BUILT_PRODUCTS_DIR; };
		F9E3CA9417716583000C2324 /* SenTestingKit.framework */ = {isa = PBXFileReference; lastKnownFileType = wrapper.framework; name = SenTestingKit.framework; path = Library/Frameworks/SenTestingKit.framework; sourceTree = DEVELOPER_DIR; };
		F9E3CA9C17716583000C2324 /* RyanMarkRepoTest1Tests-Info.plist */ = {isa = PBXFileReference; lastKnownFileType = text.plist.xml; path = "RyanMarkRepoTest1Tests-Info.plist"; sourceTree = "<group>"; };
		F9E3CA9E17716583000C2324 /* en */ = {isa = PBXFileReference; lastKnownFileType = text.plist.strings; name = en; path = en.lproj/InfoPlist.strings; sourceTree = "<group>"; };
		F9E3CAA017716583000C2324 /* RyanMarkRepoTest1Tests.h */ = {isa = PBXFileReference; lastKnownFileType = sourcecode.c.h; path = RyanMarkRepoTest1Tests.h; sourceTree = "<group>"; };
		F9E3CAA117716583000C2324 /* RyanMarkRepoTest1Tests.m */ = {isa = PBXFileReference; lastKnownFileType = sourcecode.c.objc; path = RyanMarkRepoTest1Tests.m; sourceTree = "<group>"; };
/* End PBXFileReference section */

/* Begin PBXFrameworksBuildPhase section */
		F9E3CA6F17716583000C2324 /* Frameworks */ = {
			isa = PBXFrameworksBuildPhase;
			buildActionMask = 2147483647;
			files = (
				F9E3CA7717716583000C2324 /* UIKit.framework in Frameworks */,
				F9E3CA7917716583000C2324 /* Foundation.framework in Frameworks */,
				F9E3CA7B17716583000C2324 /* CoreGraphics.framework in Frameworks */,
			);
			runOnlyForDeploymentPostprocessing = 0;
		};
		F9E3CA8F17716583000C2324 /* Frameworks */ = {
			isa = PBXFrameworksBuildPhase;
			buildActionMask = 2147483647;
			files = (
				F9E3CA9517716583000C2324 /* SenTestingKit.framework in Frameworks */,
				F9E3CA9617716583000C2324 /* UIKit.framework in Frameworks */,
				F9E3CA9717716583000C2324 /* Foundation.framework in Frameworks */,
			);
			runOnlyForDeploymentPostprocessing = 0;
		};
/* End PBXFrameworksBuildPhase section */

/* Begin PBXGroup section */
		F9E3CA6717716583000C2324 = {
			isa = PBXGroup;
			children = (
				F9E3CA7C17716583000C2324 /* RyanMarkRepoTest1 */,
				F9E3CA9A17716583000C2324 /* RyanMarkRepoTest1Tests */,
				F9E3CA7517716583000C2324 /* Frameworks */,
				F9E3CA7317716583000C2324 /* Products */,
			);
			sourceTree = "<group>";
		};
		F9E3CA7317716583000C2324 /* Products */ = {
			isa = PBXGroup;
			children = (
				F9E3CA7217716583000C2324 /* RyanMarkRepoTest1.app */,
				F9E3CA9317716583000C2324 /* RyanMarkRepoTest1Tests.octest */,
			);
			name = Products;
			sourceTree = "<group>";
		};
		F9E3CA7517716583000C2324 /* Frameworks */ = {
			isa = PBXGroup;
			children = (
				F9E3CA7617716583000C2324 /* UIKit.framework */,
				F9E3CA7817716583000C2324 /* Foundation.framework */,
				F9E3CA7A17716583000C2324 /* CoreGraphics.framework */,
				F9E3CA9417716583000C2324 /* SenTestingKit.framework */,
			);
			name = Frameworks;
			sourceTree = "<group>";
		};
		F9E3CA7C17716583000C2324 /* RyanMarkRepoTest1 */ = {
			isa = PBXGroup;
			children = (
				F9E3CA8517716583000C2324 /* AppDelegate.h */,
				F9E3CA8617716583000C2324 /* AppDelegate.m */,
				F9E3CA8817716583000C2324 /* MainStoryboard.storyboard */,
				F9E3CA8B17716583000C2324 /* ViewController.h */,
				F9E3CA8C17716583000C2324 /* ViewController.m */,
				F9E3CA7D17716583000C2324 /* Supporting Files */,
			);
			path = RyanMarkRepoTest1;
			sourceTree = "<group>";
		};
		F9E3CA7D17716583000C2324 /* Supporting Files */ = {
			isa = PBXGroup;
			children = (
				F9E3CA7E17716583000C2324 /* RyanMarkRepoTest1-Info.plist */,
				F9E3CA7F17716583000C2324 /* InfoPlist.strings */,
				F9E3CA8217716583000C2324 /* main.m */,
				F9E3CA8417716583000C2324 /* RyanMarkRepoTest1-Prefix.pch */,
			);
			name = "Supporting Files";
			sourceTree = "<group>";
		};
		F9E3CA9A17716583000C2324 /* RyanMarkRepoTest1Tests */ = {
			isa = PBXGroup;
			children = (
				F9E3CAA017716583000C2324 /* RyanMarkRepoTest1Tests.h */,
				F9E3CAA117716583000C2324 /* RyanMarkRepoTest1Tests.m */,
				F9E3CA9B17716583000C2324 /* Supporting Files */,
			);
			path = RyanMarkRepoTest1Tests;
			sourceTree = "<group>";
		};
		F9E3CA9B17716583000C2324 /* Supporting Files */ = {
			isa = PBXGroup;
			children = (
				F9E3CA9C17716583000C2324 /* RyanMarkRepoTest1Tests-Info.plist */,
				F9E3CA9D17716583000C2324 /* InfoPlist.strings */,
			);
			name = "Supporting Files";
			sourceTree = "<group>";
		};
/* End PBXGroup section */

/* Begin PBXNativeTarget section */
		F9E3CA7117716583000C2324 /* RyanMarkRepoTest1 */ = {
			isa = PBXNativeTarget;
			buildConfigurationList = F9E3CAA517716583000C2324 /* Build configuration list for PBXNativeTarget "RyanMarkRepoTest1" */;
			buildPhases = (
				F9E3CA6E17716583000C2324 /* Sources */,
				F9E3CA6F17716583000C2324 /* Frameworks */,
				F9E3CA7017716583000C2324 /* Resources */,
			);
			buildRules = (
			);
			dependencies = (
			);
			name = RyanMarkRepoTest1;
			productName = RyanMarkRepoTest1;
			productReference = F9E3CA7217716583000C2324 /* RyanMarkRepoTest1.app */;
			productType = "com.apple.product-type.application";
		};
		F9E3CA9217716583000C2324 /* RyanMarkRepoTest1Tests */ = {
			isa = PBXNativeTarget;
			buildConfigurationList = F9E3CAA817716583000C2324 /* Build configuration list for PBXNativeTarget "RyanMarkRepoTest1Tests" */;
			buildPhases = (
				F9E3CA8E17716583000C2324 /* Sources */,
				F9E3CA8F17716583000C2324 /* Frameworks */,
				F9E3CA9017716583000C2324 /* Resources */,
				F9E3CA9117716583000C2324 /* ShellScript */,
			);
			buildRules = (
			);
			dependencies = (
				F9E3CA9917716583000C2324 /* PBXTargetDependency */,
			);
			name = RyanMarkRepoTest1Tests;
			productName = RyanMarkRepoTest1Tests;
			productReference = F9E3CA9317716583000C2324 /* RyanMarkRepoTest1Tests.octest */;
			productType = "com.apple.product-type.bundle";
		};
/* End PBXNativeTarget section */

/* Begin PBXProject section */
		F9E3CA6917716583000C2324 /* Project object */ = {
			isa = PBXProject;
			attributes = {
				LastUpgradeCheck = 0420;
			};
			buildConfigurationList = F9E3CA6C17716583000C2324 /* Build configuration list for PBXProject "RyanMarkRepoTest1" */;
			compatibilityVersion = "Xcode 3.2";
			developmentRegion = English;
			hasScannedForEncodings = 0;
			knownRegions = (
				en,
			);
			mainGroup = F9E3CA6717716583000C2324;
			productRefGroup = F9E3CA7317716583000C2324 /* Products */;
			projectDirPath = "";
			projectRoot = "";
			targets = (
				F9E3CA7117716583000C2324 /* RyanMarkRepoTest1 */,
				F9E3CA9217716583000C2324 /* RyanMarkRepoTest1Tests */,
			);
		};
/* End PBXProject section */

/* Begin PBXResourcesBuildPhase section */
		F9E3CA7017716583000C2324 /* Resources */ = {
			isa = PBXResourcesBuildPhase;
			buildActionMask = 2147483647;
			files = (
				F9E3CA8117716583000C2324 /* InfoPlist.strings in Resources */,
				F9E3CA8A17716583000C2324 /* MainStoryboard.storyboard in Resources */,
			);
			runOnlyForDeploymentPostprocessing = 0;
		};
		F9E3CA9017716583000C2324 /* Resources */ = {
			isa = PBXResourcesBuildPhase;
			buildActionMask = 2147483647;
			files = (
				F9E3CA9F17716583000C2324 /* InfoPlist.strings in Resources */,
			);
			runOnlyForDeploymentPostprocessing = 0;
		};
/* End PBXResourcesBuildPhase section */

/* Begin PBXShellScriptBuildPhase section */
		F9E3CA9117716583000C2324 /* ShellScript */ = {
			isa = PBXShellScriptBuildPhase;
			buildActionMask = 2147483647;
			files = (
			);
			inputPaths = (
			);
			outputPaths = (
			);
			runOnlyForDeploymentPostprocessing = 0;
			shellPath = /bin/sh;
			shellScript = "# Run the unit tests in this test bundle.\n\"${SYSTEM_DEVELOPER_DIR}/Tools/RunUnitTests\"\n";
		};
/* End PBXShellScriptBuildPhase section */

/* Begin PBXSourcesBuildPhase section */
		F9E3CA6E17716583000C2324 /* Sources */ = {
			isa = PBXSourcesBuildPhase;
			buildActionMask = 2147483647;
			files = (
				F9E3CA8317716583000C2324 /* main.m in Sources */,
				F9E3CA8717716583000C2324 /* AppDelegate.m in Sources */,
				F9E3CA8D17716583000C2324 /* ViewController.m in Sources */,
			);
			runOnlyForDeploymentPostprocessing = 0;
		};
		F9E3CA8E17716583000C2324 /* Sources */ = {
			isa = PBXSourcesBuildPhase;
			buildActionMask = 2147483647;
			files = (
				F9E3CAA217716583000C2324 /* RyanMarkRepoTest1Tests.m in Sources */,
			);
			runOnlyForDeploymentPostprocessing = 0;
		};
/* End PBXSourcesBuildPhase section */

/* Begin PBXTargetDependency section */
		F9E3CA9917716583000C2324 /* PBXTargetDependency */ = {
			isa = PBXTargetDependency;
			target = F9E3CA7117716583000C2324 /* RyanMarkRepoTest1 */;
			targetProxy = F9E3CA9817716583000C2324 /* PBXContainerItemProxy */;
		};
/* End PBXTargetDependency section */

/* Begin PBXVariantGroup section */
		F9E3CA7F17716583000C2324 /* InfoPlist.strings */ = {
			isa = PBXVariantGroup;
			children = (
				F9E3CA8017716583000C2324 /* en */,
			);
			name = InfoPlist.strings;
			sourceTree = "<group>";
		};
		F9E3CA8817716583000C2324 /* MainStoryboard.storyboard */ = {
			isa = PBXVariantGroup;
			children = (
				F9E3CA8917716583000C2324 /* en */,
			);
			name = MainStoryboard.storyboard;
			sourceTree = "<group>";
		};
		F9E3CA9D17716583000C2324 /* InfoPlist.strings */ = {
			isa = PBXVariantGroup;
			children = (
				F9E3CA9E17716583000C2324 /* en */,
			);
			name = InfoPlist.strings;
			sourceTree = "<group>";
		};
/* End PBXVariantGroup section */

/* Begin XCBuildConfiguration section */
		F9E3CAA317716583000C2324 /* Debug */ = {
			isa = XCBuildConfiguration;
			buildSettings = {
				ALWAYS_SEARCH_USER_PATHS = NO;
				ARCHS = "$(ARCHS_STANDARD_32_BIT)";
				CLANG_ENABLE_OBJC_ARC = YES;
				"CODE_SIGN_IDENTITY[sdk=iphoneos*]" = "iPhone Developer";
				COPY_PHASE_STRIP = NO;
				GCC_C_LANGUAGE_STANDARD = gnu99;
				GCC_DYNAMIC_NO_PIC = NO;
				GCC_OPTIMIZATION_LEVEL = 0;
				GCC_PREPROCESSOR_DEFINITIONS = (
					"DEBUG=1",
					"$(inherited)",
				);
				GCC_SYMBOLS_PRIVATE_EXTERN = NO;
				GCC_VERSION = com.apple.compilers.llvm.clang.1_0;
				GCC_WARN_ABOUT_MISSING_PROTOTYPES = YES;
				GCC_WARN_ABOUT_RETURN_TYPE = YES;
				GCC_WARN_UNUSED_VARIABLE = YES;
				IPHONEOS_DEPLOYMENT_TARGET = 5.0;
				SDKROOT = iphoneos;
			};
			name = Debug;
		};
		F9E3CAA417716583000C2324 /* Release */ = {
			isa = XCBuildConfiguration;
			buildSettings = {
				ALWAYS_SEARCH_USER_PATHS = NO;
				ARCHS = "$(ARCHS_STANDARD_32_BIT)";
				CLANG_ENABLE_OBJC_ARC = YES;
				"CODE_SIGN_IDENTITY[sdk=iphoneos*]" = "iPhone Developer";
				COPY_PHASE_STRIP = YES;
				GCC_C_LANGUAGE_STANDARD = gnu99;
				GCC_VERSION = com.apple.compilers.llvm.clang.1_0;
				GCC_WARN_ABOUT_MISSING_PROTOTYPES = YES;
				GCC_WARN_ABOUT_RETURN_TYPE = YES;
				GCC_WARN_UNUSED_VARIABLE = YES;
				IPHONEOS_DEPLOYMENT_TARGET = 5.0;
				OTHER_CFLAGS = "-DNS_BLOCK_ASSERTIONS=1";
				SDKROOT = iphoneos;
				VALIDATE_PRODUCT = YES;
			};
			name = Release;
		};
		F9E3CAA617716583000C2324 /* Debug */ = {
			isa = XCBuildConfiguration;
			buildSettings = {
				GCC_PRECOMPILE_PREFIX_HEADER = YES;
				GCC_PREFIX_HEADER = "RyanMarkRepoTest1/RyanMarkRepoTest1-Prefix.pch";
				INFOPLIST_FILE = "RyanMarkRepoTest1/RyanMarkRepoTest1-Info.plist";
				PRODUCT_NAME = "$(TARGET_NAME)";
				WRAPPER_EXTENSION = app;
			};
			name = Debug;
		};
		F9E3CAA717716583000C2324 /* Release */ = {
			isa = XCBuildConfiguration;
			buildSettings = {
				GCC_PRECOMPILE_PREFIX_HEADER = YES;
				GCC_PREFIX_HEADER = "RyanMarkRepoTest1/RyanMarkRepoTest1-Prefix.pch";
				INFOPLIST_FILE = "RyanMarkRepoTest1/RyanMarkRepoTest1-Info.plist";
				PRODUCT_NAME = "$(TARGET_NAME)";
				WRAPPER_EXTENSION = app;
			};
			name = Release;
		};
		F9E3CAA917716583000C2324 /* Debug */ = {
			isa = XCBuildConfiguration;
			buildSettings = {
				BUNDLE_LOADER = "$(BUILT_PRODUCTS_DIR)/RyanMarkRepoTest1.app/RyanMarkRepoTest1";
				FRAMEWORK_SEARCH_PATHS = (
					"$(SDKROOT)/Developer/Library/Frameworks",
					"$(DEVELOPER_LIBRARY_DIR)/Frameworks",
				);
				GCC_PRECOMPILE_PREFIX_HEADER = YES;
				GCC_PREFIX_HEADER = "RyanMarkRepoTest1/RyanMarkRepoTest1-Prefix.pch";
				INFOPLIST_FILE = "RyanMarkRepoTest1Tests/RyanMarkRepoTest1Tests-Info.plist";
				PRODUCT_NAME = "$(TARGET_NAME)";
				TEST_HOST = "$(BUNDLE_LOADER)";
				WRAPPER_EXTENSION = octest;
			};
			name = Debug;
		};
		F9E3CAAA17716583000C2324 /* Release */ = {
			isa = XCBuildConfiguration;
			buildSettings = {
				BUNDLE_LOADER = "$(BUILT_PRODUCTS_DIR)/RyanMarkRepoTest1.app/RyanMarkRepoTest1";
				FRAMEWORK_SEARCH_PATHS = (
					"$(SDKROOT)/Developer/Library/Frameworks",
					"$(DEVELOPER_LIBRARY_DIR)/Frameworks",
				);
				GCC_PRECOMPILE_PREFIX_HEADER = YES;
				GCC_PREFIX_HEADER = "RyanMarkRepoTest1/RyanMarkRepoTest1-Prefix.pch";
				INFOPLIST_FILE = "RyanMarkRepoTest1Tests/RyanMarkRepoTest1Tests-Info.plist";
				PRODUCT_NAME = "$(TARGET_NAME)";
				TEST_HOST = "$(BUNDLE_LOADER)";
				WRAPPER_EXTENSION = octest;
			};
			name = Release;
		};
/* End XCBuildConfiguration section */

/* Begin XCConfigurationList section */
		F9E3CA6C17716583000C2324 /* Build configuration list for PBXProject "RyanMarkRepoTest1" */ = {
			isa = XCConfigurationList;
			buildConfigurations = (
				F9E3CAA317716583000C2324 /* Debug */,
				F9E3CAA417716583000C2324 /* Release */,
			);
			defaultConfigurationIsVisible = 0;
			defaultConfigurationName = Release;
		};
		F9E3CAA517716583000C2324 /* Build configuration list for PBXNativeTarget "RyanMarkRepoTest1" */ = {
			isa = XCConfigurationList;
			buildConfigurations = (
				F9E3CAA617716583000C2324 /* Debug */,
				F9E3CAA717716583000C2324 /* Release */,
			);
			defaultConfigurationIsVisible = 0;
		};
		F9E3CAA817716583000C2324 /* Build configuration list for PBXNativeTarget "RyanMarkRepoTest1Tests" */ = {
			isa = XCConfigurationList;
			buildConfigurations = (
				F9E3CAA917716583000C2324 /* Debug */,
				F9E3CAAA17716583000C2324 /* Release */,
			);
			defaultConfigurationIsVisible = 0;
		};
/* End XCConfigurationList section */
	};
	rootObject = F9E3CA6917716583000C2324 /* Project object */;
}
