// !$*UTF8*$!
{
	archiveVersion = 1;
	classes = {
	};
	objectVersion = 46;
	objects = {

/* Begin PBXBuildFile section */
		F987B1D517716BCB00F0383C /* UIKit.framework in Frameworks */ = {isa = PBXBuildFile; fileRef = F987B1D417716BCB00F0383C /* UIKit.framework */; };
		F987B1D717716BCB00F0383C /* Foundation.framework in Frameworks */ = {isa = PBXBuildFile; fileRef = F987B1D617716BCB00F0383C /* Foundation.framework */; };
		F987B1D917716BCB00F0383C /* CoreGraphics.framework in Frameworks */ = {isa = PBXBuildFile; fileRef = F987B1D817716BCB00F0383C /* CoreGraphics.framework */; };
		F987B1DF17716BCB00F0383C /* InfoPlist.strings in Resources */ = {isa = PBXBuildFile; fileRef = F987B1DD17716BCB00F0383C /* InfoPlist.strings */; };
		F987B1E117716BCB00F0383C /* main.m in Sources */ = {isa = PBXBuildFile; fileRef = F987B1E017716BCB00F0383C /* main.m */; };
		F987B1E517716BCB00F0383C /* AppDelegate.m in Sources */ = {isa = PBXBuildFile; fileRef = F987B1E417716BCB00F0383C /* AppDelegate.m */; };
		F987B1E817716BCB00F0383C /* MainStoryboard.storyboard in Resources */ = {isa = PBXBuildFile; fileRef = F987B1E617716BCB00F0383C /* MainStoryboard.storyboard */; };
		F987B1EB17716BCB00F0383C /* ViewController.m in Sources */ = {isa = PBXBuildFile; fileRef = F987B1EA17716BCB00F0383C /* ViewController.m */; };
		F987B1F317716BCB00F0383C /* SenTestingKit.framework in Frameworks */ = {isa = PBXBuildFile; fileRef = F987B1F217716BCB00F0383C /* SenTestingKit.framework */; };
		F987B1F417716BCB00F0383C /* UIKit.framework in Frameworks */ = {isa = PBXBuildFile; fileRef = F987B1D417716BCB00F0383C /* UIKit.framework */; };
		F987B1F517716BCB00F0383C /* Foundation.framework in Frameworks */ = {isa = PBXBuildFile; fileRef = F987B1D617716BCB00F0383C /* Foundation.framework */; };
		F987B1FD17716BCB00F0383C /* InfoPlist.strings in Resources */ = {isa = PBXBuildFile; fileRef = F987B1FB17716BCB00F0383C /* InfoPlist.strings */; };
		F987B20017716BCB00F0383C /* RyanMarkTestPTests.m in Sources */ = {isa = PBXBuildFile; fileRef = F987B1FF17716BCB00F0383C /* RyanMarkTestPTests.m */; };
/* End PBXBuildFile section */

/* Begin PBXContainerItemProxy section */
		F987B1F617716BCB00F0383C /* PBXContainerItemProxy */ = {
			isa = PBXContainerItemProxy;
			containerPortal = F987B1C717716BCA00F0383C /* Project object */;
			proxyType = 1;
			remoteGlobalIDString = F987B1CF17716BCA00F0383C;
			remoteInfo = RyanMarkTestP;
		};
/* End PBXContainerItemProxy section */

/* Begin PBXFileReference section */
		F987B1D017716BCB00F0383C /* RyanMarkTestP.app */ = {isa = PBXFileReference; explicitFileType = wrapper.application; includeInIndex = 0; path = RyanMarkTestP.app; sourceTree = BUILT_PRODUCTS_DIR; };
		F987B1D417716BCB00F0383C /* UIKit.framework */ = {isa = PBXFileReference; lastKnownFileType = wrapper.framework; name = UIKit.framework; path = System/Library/Frameworks/UIKit.framework; sourceTree = SDKROOT; };
		F987B1D617716BCB00F0383C /* Foundation.framework */ = {isa = PBXFileReference; lastKnownFileType = wrapper.framework; name = Foundation.framework; path = System/Library/Frameworks/Foundation.framework; sourceTree = SDKROOT; };
		F987B1D817716BCB00F0383C /* CoreGraphics.framework */ = {isa = PBXFileReference; lastKnownFileType = wrapper.framework; name = CoreGraphics.framework; path = System/Library/Frameworks/CoreGraphics.framework; sourceTree = SDKROOT; };
		F987B1DC17716BCB00F0383C /* RyanMarkTestP-Info.plist */ = {isa = PBXFileReference; path = "RyanMarkTestP-Info.plist"; sourceTree = "<group>"; };
		F987B1DE17716BCB00F0383C /* en */ = {isa = PBXFileReference; lastKnownFileType = text.plist.strings; name = en; path = en.lproj/InfoPlist.strings; sourceTree = "<group>"; };
		F987B1E017716BCB00F0383C /* main.m */ = {isa = PBXFileReference; lastKnownFileType = sourcecode.c.objc; path = main.m; sourceTree = "<group>"; };
		F987B1E217716BCB00F0383C /* RyanMarkTestP-Prefix.pch */ = {isa = PBXFileReference; path = "RyanMarkTestP-Prefix.pch"; sourceTree = "<group>"; };
		F987B1E317716BCB00F0383C /* AppDelegate.h */ = {isa = PBXFileReference; path = AppDelegate.h; sourceTree = "<group>"; };
		F987B1E417716BCB00F0383C /* AppDelegate.m */ = {isa = PBXFileReference; lastKnownFileType = sourcecode.c.objc; path = AppDelegate.m; sourceTree = "<group>"; };
		F987B1E717716BCB00F0383C /* en */ = {isa = PBXFileReference; lastKnownFileType = file.storyboard; name = en; path = en.lproj/MainStoryboard.storyboard; sourceTree = "<group>"; };
		F987B1E917716BCB00F0383C /* ViewController.h */ = {isa = PBXFileReference; path = ViewController.h; sourceTree = "<group>"; };
		F987B1EA17716BCB00F0383C /* ViewController.m */ = {isa = PBXFileReference; lastKnownFileType = sourcecode.c.objc; path = ViewController.m; sourceTree = "<group>"; };
		F987B1F117716BCB00F0383C /* RyanMarkTestPTests.octest */ = {isa = PBXFileReference; explicitFileType = wrapper.cfbundle; includeInIndex = 0; path = RyanMarkTestPTests.octest; sourceTree = BUILT_PRODUCTS_DIR; };
		F987B1F217716BCB00F0383C /* SenTestingKit.framework */ = {isa = PBXFileReference; lastKnownFileType = wrapper.framework; name = SenTestingKit.framework; path = Library/Frameworks/SenTestingKit.framework; sourceTree = DEVELOPER_DIR; };
		F987B1FA17716BCB00F0383C /* RyanMarkTestPTests-Info.plist */ = {isa = PBXFileReference; path = "RyanMarkTestPTests-Info.plist"; sourceTree = "<group>"; };
		F987B1FC17716BCB00F0383C /* en */ = {isa = PBXFileReference; lastKnownFileType = text.plist.strings; name = en; path = en.lproj/InfoPlist.strings; sourceTree = "<group>"; };
		F987B1FE17716BCB00F0383C /* RyanMarkTestPTests.h */ = {isa = PBXFileReference; path = RyanMarkTestPTests.h; sourceTree = "<group>"; };
		F987B1FF17716BCB00F0383C /* RyanMarkTestPTests.m */ = {isa = PBXFileReference; lastKnownFileType = sourcecode.c.objc; path = RyanMarkTestPTests.m; sourceTree = "<group>"; };
/* End PBXFileReference section */

/* Begin PBXFrameworksBuildPhase section */
		F987B1CD17716BCA00F0383C /* Frameworks */ = {
			isa = PBXFrameworksBuildPhase;
			buildActionMask = 2147483647;
			files = (
				F987B1D517716BCB00F0383C /* UIKit.framework in Frameworks */,
				F987B1D717716BCB00F0383C /* Foundation.framework in Frameworks */,
				F987B1D917716BCB00F0383C /* CoreGraphics.framework in Frameworks */,
			);
			runOnlyForDeploymentPostprocessing = 0;
		};
		F987B1ED17716BCB00F0383C /* Frameworks */ = {
			isa = PBXFrameworksBuildPhase;
			buildActionMask = 2147483647;
			files = (
				F987B1F317716BCB00F0383C /* SenTestingKit.framework in Frameworks */,
				F987B1F417716BCB00F0383C /* UIKit.framework in Frameworks */,
				F987B1F517716BCB00F0383C /* Foundation.framework in Frameworks */,
			);
			runOnlyForDeploymentPostprocessing = 0;
		};
/* End PBXFrameworksBuildPhase section */

/* Begin PBXGroup section */
		F987B1C517716BCA00F0383C = {
			isa = PBXGroup;
			children = (
				F987B1DA17716BCB00F0383C /* RyanMarkTestP */,
				F987B1F817716BCB00F0383C /* RyanMarkTestPTests */,
				F987B1D317716BCB00F0383C /* Frameworks */,
				F987B1D117716BCB00F0383C /* Products */,
			);
			sourceTree = "<group>";
		};
		F987B1D117716BCB00F0383C /* Products */ = {
			isa = PBXGroup;
			children = (
				F987B1D017716BCB00F0383C /* RyanMarkTestP.app */,
				F987B1F117716BCB00F0383C /* RyanMarkTestPTests.octest */,
			);
			name = Products;
			sourceTree = "<group>";
		};
		F987B1D317716BCB00F0383C /* Frameworks */ = {
			isa = PBXGroup;
			children = (
				F987B1D417716BCB00F0383C /* UIKit.framework */,
				F987B1D617716BCB00F0383C /* Foundation.framework */,
				F987B1D817716BCB00F0383C /* CoreGraphics.framework */,
				F987B1F217716BCB00F0383C /* SenTestingKit.framework */,
			);
			name = Frameworks;
			sourceTree = "<group>";
		};
		F987B1DA17716BCB00F0383C /* RyanMarkTestP */ = {
			isa = PBXGroup;
			children = (
				F987B1E317716BCB00F0383C /* AppDelegate.h */,
				F987B1E417716BCB00F0383C /* AppDelegate.m */,
				F987B1E617716BCB00F0383C /* MainStoryboard.storyboard */,
				F987B1E917716BCB00F0383C /* ViewController.h */,
				F987B1EA17716BCB00F0383C /* ViewController.m */,
				F987B1DB17716BCB00F0383C /* Supporting Files */,
			);
			path = RyanMarkTestP;
			sourceTree = "<group>";
		};
		F987B1DB17716BCB00F0383C /* Supporting Files */ = {
			isa = PBXGroup;
			children = (
				F987B1DC17716BCB00F0383C /* RyanMarkTestP-Info.plist */,
				F987B1DD17716BCB00F0383C /* InfoPlist.strings */,
				F987B1E017716BCB00F0383C /* main.m */,
				F987B1E217716BCB00F0383C /* RyanMarkTestP-Prefix.pch */,
			);
			name = "Supporting Files";
			sourceTree = "<group>";
		};
		F987B1F817716BCB00F0383C /* RyanMarkTestPTests */ = {
			isa = PBXGroup;
			children = (
				F987B1FE17716BCB00F0383C /* RyanMarkTestPTests.h */,
				F987B1FF17716BCB00F0383C /* RyanMarkTestPTests.m */,
				F987B1F917716BCB00F0383C /* Supporting Files */,
			);
			path = RyanMarkTestPTests;
			sourceTree = "<group>";
		};
		F987B1F917716BCB00F0383C /* Supporting Files */ = {
			isa = PBXGroup;
			children = (
				F987B1FA17716BCB00F0383C /* RyanMarkTestPTests-Info.plist */,
				F987B1FB17716BCB00F0383C /* InfoPlist.strings */,
			);
			name = "Supporting Files";
			sourceTree = "<group>";
		};
/* End PBXGroup section */

/* Begin PBXNativeTarget section */
		F987B1CF17716BCA00F0383C /* RyanMarkTestP */ = {
			isa = PBXNativeTarget;
			buildConfigurationList = F987B20317716BCB00F0383C /* Build configuration list for PBXNativeTarget "RyanMarkTestP" */;
			buildPhases = (
				F987B1CC17716BCA00F0383C /* Sources */,
				F987B1CD17716BCA00F0383C /* Frameworks */,
				F987B1CE17716BCA00F0383C /* Resources */,
			);
			buildRules = (
			);
			dependencies = (
			);
			name = RyanMarkTestP;
			productName = RyanMarkTestP;
			productReference = F987B1D017716BCB00F0383C /* RyanMarkTestP.app */;
			productType = "com.apple.product-type.application";
		};
		F987B1F017716BCB00F0383C /* RyanMarkTestPTests */ = {
			isa = PBXNativeTarget;
			buildConfigurationList = F987B20617716BCB00F0383C /* Build configuration list for PBXNativeTarget "RyanMarkTestPTests" */;
			buildPhases = (
				F987B1EC17716BCB00F0383C /* Sources */,
				F987B1ED17716BCB00F0383C /* Frameworks */,
				F987B1EE17716BCB00F0383C /* Resources */,
				F987B1EF17716BCB00F0383C /* ShellScript */,
			);
			buildRules = (
			);
			dependencies = (
				F987B1F717716BCB00F0383C /* PBXTargetDependency */,
			);
			name = RyanMarkTestPTests;
			productName = RyanMarkTestPTests;
			productReference = F987B1F117716BCB00F0383C /* RyanMarkTestPTests.octest */;
			productType = "com.apple.product-type.bundle";
		};
/* End PBXNativeTarget section */

/* Begin PBXProject section */
		F987B1C717716BCA00F0383C /* Project object */ = {
			isa = PBXProject;
			attributes = {
				LastUpgradeCheck = 0420;
			};
			buildConfigurationList = F987B1CA17716BCA00F0383C /* Build configuration list for PBXProject "RyanMarkTestP" */;
			compatibilityVersion = "Xcode 3.2";
			developmentRegion = English;
			hasScannedForEncodings = 0;
			knownRegions = (
				en,
			);
			mainGroup = F987B1C517716BCA00F0383C;
			productRefGroup = F987B1D117716BCB00F0383C /* Products */;
			projectDirPath = "";
			projectRoot = "";
			targets = (
				F987B1CF17716BCA00F0383C /* RyanMarkTestP */,
				F987B1F017716BCB00F0383C /* RyanMarkTestPTests */,
			);
		};
/* End PBXProject section */

/* Begin PBXResourcesBuildPhase section */
		F987B1CE17716BCA00F0383C /* Resources */ = {
			isa = PBXResourcesBuildPhase;
			buildActionMask = 2147483647;
			files = (
				F987B1DF17716BCB00F0383C /* InfoPlist.strings in Resources */,
				F987B1E817716BCB00F0383C /* MainStoryboard.storyboard in Resources */,
			);
			runOnlyForDeploymentPostprocessing = 0;
		};
		F987B1EE17716BCB00F0383C /* Resources */ = {
			isa = PBXResourcesBuildPhase;
			buildActionMask = 2147483647;
			files = (
				F987B1FD17716BCB00F0383C /* InfoPlist.strings in Resources */,
			);
			runOnlyForDeploymentPostprocessing = 0;
		};
/* End PBXResourcesBuildPhase section */

/* Begin PBXShellScriptBuildPhase section */
		F987B1EF17716BCB00F0383C /* ShellScript */ = {
			isa = PBXShellScriptBuildPhase;
			buildActionMask = 2147483647;
			files = (
			);
			inputPaths = (
			);
			outputPaths = (
			);
			runOnlyForDeploymentPostprocessing = 0;
			shellPath = /bin/sh;
			shellScript = "# Run the unit tests in this test bundle.\n\"${SYSTEM_DEVELOPER_DIR}/Tools/RunUnitTests\"\n";
		};
/* End PBXShellScriptBuildPhase section */

/* Begin PBXSourcesBuildPhase section */
		F987B1CC17716BCA00F0383C /* Sources */ = {
			isa = PBXSourcesBuildPhase;
			buildActionMask = 2147483647;
			files = (
				F987B1E117716BCB00F0383C /* main.m in Sources */,
				F987B1E517716BCB00F0383C /* AppDelegate.m in Sources */,
				F987B1EB17716BCB00F0383C /* ViewController.m in Sources */,
			);
			runOnlyForDeploymentPostprocessing = 0;
		};
		F987B1EC17716BCB00F0383C /* Sources */ = {
			isa = PBXSourcesBuildPhase;
			buildActionMask = 2147483647;
			files = (
				F987B20017716BCB00F0383C /* RyanMarkTestPTests.m in Sources */,
			);
			runOnlyForDeploymentPostprocessing = 0;
		};
/* End PBXSourcesBuildPhase section */

/* Begin PBXTargetDependency section */
		F987B1F717716BCB00F0383C /* PBXTargetDependency */ = {
			isa = PBXTargetDependency;
			target = F987B1CF17716BCA00F0383C /* RyanMarkTestP */;
			targetProxy = F987B1F617716BCB00F0383C /* PBXContainerItemProxy */;
		};
/* End PBXTargetDependency section */

/* Begin PBXVariantGroup section */
		F987B1DD17716BCB00F0383C /* InfoPlist.strings */ = {
			isa = PBXVariantGroup;
			children = (
				F987B1DE17716BCB00F0383C /* en */,
			);
			name = InfoPlist.strings;
			sourceTree = "<group>";
		};
		F987B1E617716BCB00F0383C /* MainStoryboard.storyboard */ = {
			isa = PBXVariantGroup;
			children = (
				F987B1E717716BCB00F0383C /* en */,
			);
			name = MainStoryboard.storyboard;
			sourceTree = "<group>";
		};
		F987B1FB17716BCB00F0383C /* InfoPlist.strings */ = {
			isa = PBXVariantGroup;
			children = (
				F987B1FC17716BCB00F0383C /* en */,
			);
			name = InfoPlist.strings;
			sourceTree = "<group>";
		};
/* End PBXVariantGroup section */

/* Begin XCBuildConfiguration section */
		F987B20117716BCB00F0383C /* Debug */ = {
			isa = XCBuildConfiguration;
			buildSettings = {
				ALWAYS_SEARCH_USER_PATHS = NO;
				ARCHS = "$(ARCHS_STANDARD_32_BIT)";
				CLANG_ENABLE_OBJC_ARC = YES;
				"CODE_SIGN_IDENTITY[sdk=iphoneos*]" = "iPhone Developer";
				COPY_PHASE_STRIP = NO;
				GCC_C_LANGUAGE_STANDARD = gnu99;
				GCC_DYNAMIC_NO_PIC = NO;
				GCC_OPTIMIZATION_LEVEL = 0;
				GCC_PREPROCESSOR_DEFINITIONS = (
					"DEBUG=1",
					"$(inherited)",
				);
				GCC_SYMBOLS_PRIVATE_EXTERN = NO;
				GCC_VERSION = com.apple.compilers.llvm.clang.1_0;
				GCC_WARN_ABOUT_MISSING_PROTOTYPES = YES;
				GCC_WARN_ABOUT_RETURN_TYPE = YES;
				GCC_WARN_UNUSED_VARIABLE = YES;
				IPHONEOS_DEPLOYMENT_TARGET = 5.0;
				SDKROOT = iphoneos;
			};
			name = Debug;
		};
		F987B20217716BCB00F0383C /* Release */ = {
			isa = XCBuildConfiguration;
			buildSettings = {
				ALWAYS_SEARCH_USER_PATHS = NO;
				ARCHS = "$(ARCHS_STANDARD_32_BIT)";
				CLANG_ENABLE_OBJC_ARC = YES;
				"CODE_SIGN_IDENTITY[sdk=iphoneos*]" = "iPhone Developer";
				COPY_PHASE_STRIP = YES;
				GCC_C_LANGUAGE_STANDARD = gnu99;
				GCC_VERSION = com.apple.compilers.llvm.clang.1_0;
				GCC_WARN_ABOUT_MISSING_PROTOTYPES = YES;
				GCC_WARN_ABOUT_RETURN_TYPE = YES;
				GCC_WARN_UNUSED_VARIABLE = YES;
				IPHONEOS_DEPLOYMENT_TARGET = 5.0;
				OTHER_CFLAGS = "-DNS_BLOCK_ASSERTIONS=1";
				SDKROOT = iphoneos;
				VALIDATE_PRODUCT = YES;
			};
			name = Release;
		};
		F987B20417716BCB00F0383C /* Debug */ = {
			isa = XCBuildConfiguration;
			buildSettings = {
				GCC_PRECOMPILE_PREFIX_HEADER = YES;
				GCC_PREFIX_HEADER = "RyanMarkTestP/RyanMarkTestP-Prefix.pch";
				INFOPLIST_FILE = "RyanMarkTestP/RyanMarkTestP-Info.plist";
				PRODUCT_NAME = "$(TARGET_NAME)";
				WRAPPER_EXTENSION = app;
			};
			name = Debug;
		};
		F987B20517716BCB00F0383C /* Release */ = {
			isa = XCBuildConfiguration;
			buildSettings = {
				GCC_PRECOMPILE_PREFIX_HEADER = YES;
				GCC_PREFIX_HEADER = "RyanMarkTestP/RyanMarkTestP-Prefix.pch";
				INFOPLIST_FILE = "RyanMarkTestP/RyanMarkTestP-Info.plist";
				PRODUCT_NAME = "$(TARGET_NAME)";
				WRAPPER_EXTENSION = app;
			};
			name = Release;
		};
		F987B20717716BCB00F0383C /* Debug */ = {
			isa = XCBuildConfiguration;
			buildSettings = {
				BUNDLE_LOADER = "$(BUILT_PRODUCTS_DIR)/RyanMarkTestP.app/RyanMarkTestP";
				FRAMEWORK_SEARCH_PATHS = (
					"$(SDKROOT)/Developer/Library/Frameworks",
					"$(DEVELOPER_LIBRARY_DIR)/Frameworks",
				);
				GCC_PRECOMPILE_PREFIX_HEADER = YES;
				GCC_PREFIX_HEADER = "RyanMarkTestP/RyanMarkTestP-Prefix.pch";
				INFOPLIST_FILE = "RyanMarkTestPTests/RyanMarkTestPTests-Info.plist";
				PRODUCT_NAME = "$(TARGET_NAME)";
				TEST_HOST = "$(BUNDLE_LOADER)";
				WRAPPER_EXTENSION = octest;
			};
			name = Debug;
		};
		F987B20817716BCB00F0383C /* Release */ = {
			isa = XCBuildConfiguration;
			buildSettings = {
				BUNDLE_LOADER = "$(BUILT_PRODUCTS_DIR)/RyanMarkTestP.app/RyanMarkTestP";
				FRAMEWORK_SEARCH_PATHS = (
					"$(SDKROOT)/Developer/Library/Frameworks",
					"$(DEVELOPER_LIBRARY_DIR)/Frameworks",
				);
				GCC_PRECOMPILE_PREFIX_HEADER = YES;
				GCC_PREFIX_HEADER = "RyanMarkTestP/RyanMarkTestP-Prefix.pch";
				INFOPLIST_FILE = "RyanMarkTestPTests/RyanMarkTestPTests-Info.plist";
				PRODUCT_NAME = "$(TARGET_NAME)";
				TEST_HOST = "$(BUNDLE_LOADER)";
				WRAPPER_EXTENSION = octest;
			};
			name = Release;
		};
/* End XCBuildConfiguration section */

/* Begin XCConfigurationList section */
		F987B1CA17716BCA00F0383C /* Build configuration list for PBXProject "RyanMarkTestP" */ = {
			isa = XCConfigurationList;
			buildConfigurations = (
				F987B20117716BCB00F0383C /* Debug */,
				F987B20217716BCB00F0383C /* Release */,
			);
			defaultConfigurationIsVisible = 0;
			defaultConfigurationName = Release;
		};
		F987B20317716BCB00F0383C /* Build configuration list for PBXNativeTarget "RyanMarkTestP" */ = {
			isa = XCConfigurationList;
			buildConfigurations = (
				F987B20417716BCB00F0383C /* Debug */,
				F987B20517716BCB00F0383C /* Release */,
			);
			defaultConfigurationIsVisible = 0;
		};
		F987B20617716BCB00F0383C /* Build configuration list for PBXNativeTarget "RyanMarkTestPTests" */ = {
			isa = XCConfigurationList;
			buildConfigurations = (
				F987B20717716BCB00F0383C /* Debug */,
				F987B20817716BCB00F0383C /* Release */,
			);
			defaultConfigurationIsVisible = 0;
		};
/* End XCConfigurationList section */
	};
	rootObject = F987B1C717716BCA00F0383C /* Project object */;
}
