// !$*UTF8*$!
{
	archiveVersion = 1;
	classes = {
	};
	objectVersion = 46;
	objects = {

/* Begin PBXBuildFile section */
		F93E218F1772E31300CD785F /* UIKit.framework in Frameworks */ = {isa = PBXBuildFile; fileRef = F93E218E1772E31300CD785F /* UIKit.framework */; };
		F93E21911772E31300CD785F /* Foundation.framework in Frameworks */ = {isa = PBXBuildFile; fileRef = F93E21901772E31300CD785F /* Foundation.framework */; };
		F93E21931772E31300CD785F /* CoreGraphics.framework in Frameworks */ = {isa = PBXBuildFile; fileRef = F93E21921772E31300CD785F /* CoreGraphics.framework */; };
		F93E21991772E31300CD785F /* InfoPlist.strings in Resources */ = {isa = PBXBuildFile; fileRef = F93E21971772E31300CD785F /* InfoPlist.strings */; };
		F93E219B1772E31300CD785F /* main.m in Sources */ = {isa = PBXBuildFile; fileRef = F93E219A1772E31300CD785F /* main.m */; };
		F93E219F1772E31300CD785F /* AppDelegate.m in Sources */ = {isa = PBXBuildFile; fileRef = F93E219E1772E31300CD785F /* AppDelegate.m */; };
		F93E21A21772E31300CD785F /* MainStoryboard.storyboard in Resources */ = {isa = PBXBuildFile; fileRef = F93E21A01772E31300CD785F /* MainStoryboard.storyboard */; };
		F93E21A51772E31300CD785F /* ViewController.m in Sources */ = {isa = PBXBuildFile; fileRef = F93E21A41772E31300CD785F /* ViewController.m */; };
		F93E21AD1772E31400CD785F /* SenTestingKit.framework in Frameworks */ = {isa = PBXBuildFile; fileRef = F93E21AC1772E31400CD785F /* SenTestingKit.framework */; };
		F93E21AE1772E31400CD785F /* UIKit.framework in Frameworks */ = {isa = PBXBuildFile; fileRef = F93E218E1772E31300CD785F /* UIKit.framework */; };
		F93E21AF1772E31400CD785F /* Foundation.framework in Frameworks */ = {isa = PBXBuildFile; fileRef = F93E21901772E31300CD785F /* Foundation.framework */; };
		F93E21B71772E31400CD785F /* InfoPlist.strings in Resources */ = {isa = PBXBuildFile; fileRef = F93E21B51772E31400CD785F /* InfoPlist.strings */; };
		F93E21BA1772E31400CD785F /* test11Tests.m in Sources */ = {isa = PBXBuildFile; fileRef = F93E21B91772E31400CD785F /* test11Tests.m */; };
/* End PBXBuildFile section */

/* Begin PBXContainerItemProxy section */
		F93E21B01772E31400CD785F /* PBXContainerItemProxy */ = {
			isa = PBXContainerItemProxy;
			containerPortal = F93E21811772E31200CD785F /* Project object */;
			proxyType = 1;
			remoteGlobalIDString = F93E21891772E31300CD785F;
			remoteInfo = test11;
		};
/* End PBXContainerItemProxy section */

/* Begin PBXFileReference section */
		F93E218A1772E31300CD785F /* test11.app */ = {isa = PBXFileReference; explicitFileType = wrapper.application; includeInIndex = 0; path = test11.app; sourceTree = BUILT_PRODUCTS_DIR; };
		F93E218E1772E31300CD785F /* UIKit.framework */ = {isa = PBXFileReference; lastKnownFileType = wrapper.framework; name = UIKit.framework; path = System/Library/Frameworks/UIKit.framework; sourceTree = SDKROOT; };
		F93E21901772E31300CD785F /* Foundation.framework */ = {isa = PBXFileReference; lastKnownFileType = wrapper.framework; name = Foundation.framework; path = System/Library/Frameworks/Foundation.framework; sourceTree = SDKROOT; };
		F93E21921772E31300CD785F /* CoreGraphics.framework */ = {isa = PBXFileReference; lastKnownFileType = wrapper.framework; name = CoreGraphics.framework; path = System/Library/Frameworks/CoreGraphics.framework; sourceTree = SDKROOT; };
		F93E21961772E31300CD785F /* test11-Info.plist */ = {isa = PBXFileReference; path = "test11-Info.plist"; sourceTree = "<group>"; };
		F93E21981772E31300CD785F /* en */ = {isa = PBXFileReference; lastKnownFileType = text.plist.strings; name = en; path = en.lproj/InfoPlist.strings; sourceTree = "<group>"; };
		F93E219A1772E31300CD785F /* main.m */ = {isa = PBXFileReference; lastKnownFileType = sourcecode.c.objc; path = main.m; sourceTree = "<group>"; };
		F93E219C1772E31300CD785F /* test11-Prefix.pch */ = {isa = PBXFileReference; path = "test11-Prefix.pch"; sourceTree = "<group>"; };
		F93E219D1772E31300CD785F /* AppDelegate.h */ = {isa = PBXFileReference; path = AppDelegate.h; sourceTree = "<group>"; };
		F93E219E1772E31300CD785F /* AppDelegate.m */ = {isa = PBXFileReference; lastKnownFileType = sourcecode.c.objc; path = AppDelegate.m; sourceTree = "<group>"; };
		F93E21A11772E31300CD785F /* en */ = {isa = PBXFileReference; lastKnownFileType = file.storyboard; name = en; path = en.lproj/MainStoryboard.storyboard; sourceTree = "<group>"; };
		F93E21A31772E31300CD785F /* ViewController.h */ = {isa = PBXFileReference; path = ViewController.h; sourceTree = "<group>"; };
		F93E21A41772E31300CD785F /* ViewController.m */ = {isa = PBXFileReference; lastKnownFileType = sourcecode.c.objc; path = ViewController.m; sourceTree = "<group>"; };
		F93E21AB1772E31400CD785F /* test11Tests.octest */ = {isa = PBXFileReference; explicitFileType = wrapper.cfbundle; includeInIndex = 0; path = test11Tests.octest; sourceTree = BUILT_PRODUCTS_DIR; };
		F93E21AC1772E31400CD785F /* SenTestingKit.framework */ = {isa = PBXFileReference; lastKnownFileType = wrapper.framework; name = SenTestingKit.framework; path = Library/Frameworks/SenTestingKit.framework; sourceTree = DEVELOPER_DIR; };
		F93E21B41772E31400CD785F /* test11Tests-Info.plist */ = {isa = PBXFileReference; path = "test11Tests-Info.plist"; sourceTree = "<group>"; };
		F93E21B61772E31400CD785F /* en */ = {isa = PBXFileReference; lastKnownFileType = text.plist.strings; name = en; path = en.lproj/InfoPlist.strings; sourceTree = "<group>"; };
		F93E21B81772E31400CD785F /* test11Tests.h */ = {isa = PBXFileReference; path = test11Tests.h; sourceTree = "<group>"; };
		F93E21B91772E31400CD785F /* test11Tests.m */ = {isa = PBXFileReference; lastKnownFileType = sourcecode.c.objc; path = test11Tests.m; sourceTree = "<group>"; };
/* End PBXFileReference section */

/* Begin PBXFrameworksBuildPhase section */
		F93E21871772E31300CD785F /* Frameworks */ = {
			isa = PBXFrameworksBuildPhase;
			buildActionMask = 2147483647;
			files = (
				F93E218F1772E31300CD785F /* UIKit.framework in Frameworks */,
				F93E21911772E31300CD785F /* Foundation.framework in Frameworks */,
				F93E21931772E31300CD785F /* CoreGraphics.framework in Frameworks */,
			);
			runOnlyForDeploymentPostprocessing = 0;
		};
		F93E21A71772E31400CD785F /* Frameworks */ = {
			isa = PBXFrameworksBuildPhase;
			buildActionMask = 2147483647;
			files = (
				F93E21AD1772E31400CD785F /* SenTestingKit.framework in Frameworks */,
				F93E21AE1772E31400CD785F /* UIKit.framework in Frameworks */,
				F93E21AF1772E31400CD785F /* Foundation.framework in Frameworks */,
			);
			runOnlyForDeploymentPostprocessing = 0;
		};
/* End PBXFrameworksBuildPhase section */

/* Begin PBXGroup section */
		F93E217F1772E31200CD785F = {
			isa = PBXGroup;
			children = (
				F93E21941772E31300CD785F /* test11 */,
				F93E21B21772E31400CD785F /* test11Tests */,
				F93E218D1772E31300CD785F /* Frameworks */,
				F93E218B1772E31300CD785F /* Products */,
			);
			sourceTree = "<group>";
		};
		F93E218B1772E31300CD785F /* Products */ = {
			isa = PBXGroup;
			children = (
				F93E218A1772E31300CD785F /* test11.app */,
				F93E21AB1772E31400CD785F /* test11Tests.octest */,
			);
			name = Products;
			sourceTree = "<group>";
		};
		F93E218D1772E31300CD785F /* Frameworks */ = {
			isa = PBXGroup;
			children = (
				F93E218E1772E31300CD785F /* UIKit.framework */,
				F93E21901772E31300CD785F /* Foundation.framework */,
				F93E21921772E31300CD785F /* CoreGraphics.framework */,
				F93E21AC1772E31400CD785F /* SenTestingKit.framework */,
			);
			name = Frameworks;
			sourceTree = "<group>";
		};
		F93E21941772E31300CD785F /* test11 */ = {
			isa = PBXGroup;
			children = (
				F93E219D1772E31300CD785F /* AppDelegate.h */,
				F93E219E1772E31300CD785F /* AppDelegate.m */,
				F93E21A01772E31300CD785F /* MainStoryboard.storyboard */,
				F93E21A31772E31300CD785F /* ViewController.h */,
				F93E21A41772E31300CD785F /* ViewController.m */,
				F93E21951772E31300CD785F /* Supporting Files */,
			);
			path = test11;
			sourceTree = "<group>";
		};
		F93E21951772E31300CD785F /* Supporting Files */ = {
			isa = PBXGroup;
			children = (
				F93E21961772E31300CD785F /* test11-Info.plist */,
				F93E21971772E31300CD785F /* InfoPlist.strings */,
				F93E219A1772E31300CD785F /* main.m */,
				F93E219C1772E31300CD785F /* test11-Prefix.pch */,
			);
			name = "Supporting Files";
			sourceTree = "<group>";
		};
		F93E21B21772E31400CD785F /* test11Tests */ = {
			isa = PBXGroup;
			children = (
				F93E21B81772E31400CD785F /* test11Tests.h */,
				F93E21B91772E31400CD785F /* test11Tests.m */,
				F93E21B31772E31400CD785F /* Supporting Files */,
			);
			path = test11Tests;
			sourceTree = "<group>";
		};
		F93E21B31772E31400CD785F /* Supporting Files */ = {
			isa = PBXGroup;
			children = (
				F93E21B41772E31400CD785F /* test11Tests-Info.plist */,
				F93E21B51772E31400CD785F /* InfoPlist.strings */,
			);
			name = "Supporting Files";
			sourceTree = "<group>";
		};
/* End PBXGroup section */

/* Begin PBXNativeTarget section */
		F93E21891772E31300CD785F /* test11 */ = {
			isa = PBXNativeTarget;
			buildConfigurationList = F93E21BD1772E31400CD785F /* Build configuration list for PBXNativeTarget "test11" */;
			buildPhases = (
				F93E21861772E31300CD785F /* Sources */,
				F93E21871772E31300CD785F /* Frameworks */,
				F93E21881772E31300CD785F /* Resources */,
			);
			buildRules = (
			);
			dependencies = (
			);
			name = test11;
			productName = test11;
			productReference = F93E218A1772E31300CD785F /* test11.app */;
			productType = "com.apple.product-type.application";
		};
		F93E21AA1772E31400CD785F /* test11Tests */ = {
			isa = PBXNativeTarget;
			buildConfigurationList = F93E21C01772E31400CD785F /* Build configuration list for PBXNativeTarget "test11Tests" */;
			buildPhases = (
				F93E21A61772E31400CD785F /* Sources */,
				F93E21A71772E31400CD785F /* Frameworks */,
				F93E21A81772E31400CD785F /* Resources */,
				F93E21A91772E31400CD785F /* ShellScript */,
			);
			buildRules = (
			);
			dependencies = (
				F93E21B11772E31400CD785F /* PBXTargetDependency */,
			);
			name = test11Tests;
			productName = test11Tests;
			productReference = F93E21AB1772E31400CD785F /* test11Tests.octest */;
			productType = "com.apple.product-type.bundle";
		};
/* End PBXNativeTarget section */

/* Begin PBXProject section */
		F93E21811772E31200CD785F /* Project object */ = {
			isa = PBXProject;
			attributes = {
				LastUpgradeCheck = 0420;
			};
			buildConfigurationList = F93E21841772E31200CD785F /* Build configuration list for PBXProject "test11" */;
			compatibilityVersion = "Xcode 3.2";
			developmentRegion = English;
			hasScannedForEncodings = 0;
			knownRegions = (
				en,
			);
			mainGroup = F93E217F1772E31200CD785F;
			productRefGroup = F93E218B1772E31300CD785F /* Products */;
			projectDirPath = "";
			projectRoot = "";
			targets = (
				F93E21891772E31300CD785F /* test11 */,
				F93E21AA1772E31400CD785F /* test11Tests */,
			);
		};
/* End PBXProject section */

/* Begin PBXResourcesBuildPhase section */
		F93E21881772E31300CD785F /* Resources */ = {
			isa = PBXResourcesBuildPhase;
			buildActionMask = 2147483647;
			files = (
				F93E21991772E31300CD785F /* InfoPlist.strings in Resources */,
				F93E21A21772E31300CD785F /* MainStoryboard.storyboard in Resources */,
			);
			runOnlyForDeploymentPostprocessing = 0;
		};
		F93E21A81772E31400CD785F /* Resources */ = {
			isa = PBXResourcesBuildPhase;
			buildActionMask = 2147483647;
			files = (
				F93E21B71772E31400CD785F /* InfoPlist.strings in Resources */,
			);
			runOnlyForDeploymentPostprocessing = 0;
		};
/* End PBXResourcesBuildPhase section */

/* Begin PBXShellScriptBuildPhase section */
		F93E21A91772E31400CD785F /* ShellScript */ = {
			isa = PBXShellScriptBuildPhase;
			buildActionMask = 2147483647;
			files = (
			);
			inputPaths = (
			);
			outputPaths = (
			);
			runOnlyForDeploymentPostprocessing = 0;
			shellPath = /bin/sh;
			shellScript = "# Run the unit tests in this test bundle.\n\"${SYSTEM_DEVELOPER_DIR}/Tools/RunUnitTests\"\n";
		};
/* End PBXShellScriptBuildPhase section */

/* Begin PBXSourcesBuildPhase section */
		F93E21861772E31300CD785F /* Sources */ = {
			isa = PBXSourcesBuildPhase;
			buildActionMask = 2147483647;
			files = (
				F93E219B1772E31300CD785F /* main.m in Sources */,
				F93E219F1772E31300CD785F /* AppDelegate.m in Sources */,
				F93E21A51772E31300CD785F /* ViewController.m in Sources */,
			);
			runOnlyForDeploymentPostprocessing = 0;
		};
		F93E21A61772E31400CD785F /* Sources */ = {
			isa = PBXSourcesBuildPhase;
			buildActionMask = 2147483647;
			files = (
				F93E21BA1772E31400CD785F /* test11Tests.m in Sources */,
			);
			runOnlyForDeploymentPostprocessing = 0;
		};
/* End PBXSourcesBuildPhase section */

/* Begin PBXTargetDependency section */
		F93E21B11772E31400CD785F /* PBXTargetDependency */ = {
			isa = PBXTargetDependency;
			target = F93E21891772E31300CD785F /* test11 */;
			targetProxy = F93E21B01772E31400CD785F /* PBXContainerItemProxy */;
		};
/* End PBXTargetDependency section */

/* Begin PBXVariantGroup section */
		F93E21971772E31300CD785F /* InfoPlist.strings */ = {
			isa = PBXVariantGroup;
			children = (
				F93E21981772E31300CD785F /* en */,
			);
			name = InfoPlist.strings;
			sourceTree = "<group>";
		};
		F93E21A01772E31300CD785F /* MainStoryboard.storyboard */ = {
			isa = PBXVariantGroup;
			children = (
				F93E21A11772E31300CD785F /* en */,
			);
			name = MainStoryboard.storyboard;
			sourceTree = "<group>";
		};
		F93E21B51772E31400CD785F /* InfoPlist.strings */ = {
			isa = PBXVariantGroup;
			children = (
				F93E21B61772E31400CD785F /* en */,
			);
			name = InfoPlist.strings;
			sourceTree = "<group>";
		};
/* End PBXVariantGroup section */

/* Begin XCBuildConfiguration section */
		F93E21BB1772E31400CD785F /* Debug */ = {
			isa = XCBuildConfiguration;
			buildSettings = {
				ALWAYS_SEARCH_USER_PATHS = NO;
				ARCHS = "$(ARCHS_STANDARD_32_BIT)";
				CLANG_ENABLE_OBJC_ARC = YES;
				"CODE_SIGN_IDENTITY[sdk=iphoneos*]" = "iPhone Developer";
				COPY_PHASE_STRIP = NO;
				GCC_C_LANGUAGE_STANDARD = gnu99;
				GCC_DYNAMIC_NO_PIC = NO;
				GCC_OPTIMIZATION_LEVEL = 0;
				GCC_PREPROCESSOR_DEFINITIONS = (
					"DEBUG=1",
					"$(inherited)",
				);
				GCC_SYMBOLS_PRIVATE_EXTERN = NO;
				GCC_VERSION = com.apple.compilers.llvm.clang.1_0;
				GCC_WARN_ABOUT_MISSING_PROTOTYPES = YES;
				GCC_WARN_ABOUT_RETURN_TYPE = YES;
				GCC_WARN_UNUSED_VARIABLE = YES;
				IPHONEOS_DEPLOYMENT_TARGET = 5.0;
				SDKROOT = iphoneos;
			};
			name = Debug;
		};
		F93E21BC1772E31400CD785F /* Release */ = {
			isa = XCBuildConfiguration;
			buildSettings = {
				ALWAYS_SEARCH_USER_PATHS = NO;
				ARCHS = "$(ARCHS_STANDARD_32_BIT)";
				CLANG_ENABLE_OBJC_ARC = YES;
				"CODE_SIGN_IDENTITY[sdk=iphoneos*]" = "iPhone Developer";
				COPY_PHASE_STRIP = YES;
				GCC_C_LANGUAGE_STANDARD = gnu99;
				GCC_VERSION = com.apple.compilers.llvm.clang.1_0;
				GCC_WARN_ABOUT_MISSING_PROTOTYPES = YES;
				GCC_WARN_ABOUT_RETURN_TYPE = YES;
				GCC_WARN_UNUSED_VARIABLE = YES;
				IPHONEOS_DEPLOYMENT_TARGET = 5.0;
				OTHER_CFLAGS = "-DNS_BLOCK_ASSERTIONS=1";
				SDKROOT = iphoneos;
				VALIDATE_PRODUCT = YES;
			};
			name = Release;
		};
		F93E21BE1772E31400CD785F /* Debug */ = {
			isa = XCBuildConfiguration;
			buildSettings = {
				GCC_PRECOMPILE_PREFIX_HEADER = YES;
				GCC_PREFIX_HEADER = "test11/test11-Prefix.pch";
				INFOPLIST_FILE = "test11/test11-Info.plist";
				PRODUCT_NAME = "$(TARGET_NAME)";
				WRAPPER_EXTENSION = app;
			};
			name = Debug;
		};
		F93E21BF1772E31400CD785F /* Release */ = {
			isa = XCBuildConfiguration;
			buildSettings = {
				GCC_PRECOMPILE_PREFIX_HEADER = YES;
				GCC_PREFIX_HEADER = "test11/test11-Prefix.pch";
				INFOPLIST_FILE = "test11/test11-Info.plist";
				PRODUCT_NAME = "$(TARGET_NAME)";
				WRAPPER_EXTENSION = app;
			};
			name = Release;
		};
		F93E21C11772E31400CD785F /* Debug */ = {
			isa = XCBuildConfiguration;
			buildSettings = {
				BUNDLE_LOADER = "$(BUILT_PRODUCTS_DIR)/test11.app/test11";
				FRAMEWORK_SEARCH_PATHS = (
					"$(SDKROOT)/Developer/Library/Frameworks",
					"$(DEVELOPER_LIBRARY_DIR)/Frameworks",
				);
				GCC_PRECOMPILE_PREFIX_HEADER = YES;
				GCC_PREFIX_HEADER = "test11/test11-Prefix.pch";
				INFOPLIST_FILE = "test11Tests/test11Tests-Info.plist";
				PRODUCT_NAME = "$(TARGET_NAME)";
				TEST_HOST = "$(BUNDLE_LOADER)";
				WRAPPER_EXTENSION = octest;
			};
			name = Debug;
		};
		F93E21C21772E31400CD785F /* Release */ = {
			isa = XCBuildConfiguration;
			buildSettings = {
				BUNDLE_LOADER = "$(BUILT_PRODUCTS_DIR)/test11.app/test11";
				FRAMEWORK_SEARCH_PATHS = (
					"$(SDKROOT)/Developer/Library/Frameworks",
					"$(DEVELOPER_LIBRARY_DIR)/Frameworks",
				);
				GCC_PRECOMPILE_PREFIX_HEADER = YES;
				GCC_PREFIX_HEADER = "test11/test11-Prefix.pch";
				INFOPLIST_FILE = "test11Tests/test11Tests-Info.plist";
				PRODUCT_NAME = "$(TARGET_NAME)";
				TEST_HOST = "$(BUNDLE_LOADER)";
				WRAPPER_EXTENSION = octest;
			};
			name = Release;
		};
/* End XCBuildConfiguration section */

/* Begin XCConfigurationList section */
		F93E21841772E31200CD785F /* Build configuration list for PBXProject "test11" */ = {
			isa = XCConfigurationList;
			buildConfigurations = (
				F93E21BB1772E31400CD785F /* Debug */,
				F93E21BC1772E31400CD785F /* Release */,
			);
			defaultConfigurationIsVisible = 0;
			defaultConfigurationName = Release;
		};
		F93E21BD1772E31400CD785F /* Build configuration list for PBXNativeTarget "test11" */ = {
			isa = XCConfigurationList;
			buildConfigurations = (
				F93E21BE1772E31400CD785F /* Debug */,
				F93E21BF1772E31400CD785F /* Release */,
			);
			defaultConfigurationIsVisible = 0;
		};
		F93E21C01772E31400CD785F /* Build configuration list for PBXNativeTarget "test11Tests" */ = {
			isa = XCConfigurationList;
			buildConfigurations = (
				F93E21C11772E31400CD785F /* Debug */,
				F93E21C21772E31400CD785F /* Release */,
			);
			defaultConfigurationIsVisible = 0;
		};
/* End XCConfigurationList section */
	};
	rootObject = F93E21811772E31200CD785F /* Project object */;
}
