// !$*UTF8*$!
{
	archiveVersion = 1;
	classes = {
	};
	objectVersion = 46;
	objects = {

/* Begin PBXBuildFile section */
		F98017691772E66F00AA9696 /* UIKit.framework in Frameworks */ = {isa = PBXBuildFile; fileRef = F98017681772E66F00AA9696 /* UIKit.framework */; };
		F980176B1772E66F00AA9696 /* Foundation.framework in Frameworks */ = {isa = PBXBuildFile; fileRef = F980176A1772E66F00AA9696 /* Foundation.framework */; };
		F980176D1772E66F00AA9696 /* CoreGraphics.framework in Frameworks */ = {isa = PBXBuildFile; fileRef = F980176C1772E66F00AA9696 /* CoreGraphics.framework */; };
		F98017731772E66F00AA9696 /* InfoPlist.strings in Resources */ = {isa = PBXBuildFile; fileRef = F98017711772E66F00AA9696 /* InfoPlist.strings */; };
		F98017751772E66F00AA9696 /* main.m in Sources */ = {isa = PBXBuildFile; fileRef = F98017741772E66F00AA9696 /* main.m */; };
		F98017791772E66F00AA9696 /* AppDelegate.m in Sources */ = {isa = PBXBuildFile; fileRef = F98017781772E66F00AA9696 /* AppDelegate.m */; };
		F980177C1772E66F00AA9696 /* MainStoryboard.storyboard in Resources */ = {isa = PBXBuildFile; fileRef = F980177A1772E66F00AA9696 /* MainStoryboard.storyboard */; };
		F980177F1772E66F00AA9696 /* ViewController.m in Sources */ = {isa = PBXBuildFile; fileRef = F980177E1772E66F00AA9696 /* ViewController.m */; };
		F98017871772E67000AA9696 /* SenTestingKit.framework in Frameworks */ = {isa = PBXBuildFile; fileRef = F98017861772E67000AA9696 /* SenTestingKit.framework */; };
		F98017881772E67000AA9696 /* UIKit.framework in Frameworks */ = {isa = PBXBuildFile; fileRef = F98017681772E66F00AA9696 /* UIKit.framework */; };
		F98017891772E67000AA9696 /* Foundation.framework in Frameworks */ = {isa = PBXBuildFile; fileRef = F980176A1772E66F00AA9696 /* Foundation.framework */; };
		F98017911772E67000AA9696 /* InfoPlist.strings in Resources */ = {isa = PBXBuildFile; fileRef = F980178F1772E67000AA9696 /* InfoPlist.strings */; };
		F98017941772E67000AA9696 /* RyanMarkTestProjectTests.m in Sources */ = {isa = PBXBuildFile; fileRef = F98017931772E67000AA9696 /* RyanMarkTestProjectTests.m */; };
/* End PBXBuildFile section */

/* Begin PBXContainerItemProxy section */
		F980178A1772E67000AA9696 /* PBXContainerItemProxy */ = {
			isa = PBXContainerItemProxy;
			containerPortal = F980175B1772E66F00AA9696 /* Project object */;
			proxyType = 1;
			remoteGlobalIDString = F98017631772E66F00AA9696;
			remoteInfo = RyanMarkTestProject;
		};
/* End PBXContainerItemProxy section */

/* Begin PBXFileReference section */
		F98017641772E66F00AA9696 /* RyanMarkTestProject.app */ = {isa = PBXFileReference; explicitFileType = wrapper.application; includeInIndex = 0; path = RyanMarkTestProject.app; sourceTree = BUILT_PRODUCTS_DIR; };
		F98017681772E66F00AA9696 /* UIKit.framework */ = {isa = PBXFileReference; lastKnownFileType = wrapper.framework; name = UIKit.framework; path = System/Library/Frameworks/UIKit.framework; sourceTree = SDKROOT; };
		F980176A1772E66F00AA9696 /* Foundation.framework */ = {isa = PBXFileReference; lastKnownFileType = wrapper.framework; name = Foundation.framework; path = System/Library/Frameworks/Foundation.framework; sourceTree = SDKROOT; };
		F980176C1772E66F00AA9696 /* CoreGraphics.framework */ = {isa = PBXFileReference; lastKnownFileType = wrapper.framework; name = CoreGraphics.framework; path = System/Library/Frameworks/CoreGraphics.framework; sourceTree = SDKROOT; };
		F98017701772E66F00AA9696 /* RyanMarkTestProject-Info.plist */ = {isa = PBXFileReference; path = "RyanMarkTestProject-Info.plist"; sourceTree = "<group>"; };
		F98017721772E66F00AA9696 /* en */ = {isa = PBXFileReference; lastKnownFileType = text.plist.strings; name = en; path = en.lproj/InfoPlist.strings; sourceTree = "<group>"; };
		F98017741772E66F00AA9696 /* main.m */ = {isa = PBXFileReference; lastKnownFileType = sourcecode.c.objc; path = main.m; sourceTree = "<group>"; };
		F98017761772E66F00AA9696 /* RyanMarkTestProject-Prefix.pch */ = {isa = PBXFileReference; path = "RyanMarkTestProject-Prefix.pch"; sourceTree = "<group>"; };
		F98017771772E66F00AA9696 /* AppDelegate.h */ = {isa = PBXFileReference; path = AppDelegate.h; sourceTree = "<group>"; };
		F98017781772E66F00AA9696 /* AppDelegate.m */ = {isa = PBXFileReference; lastKnownFileType = sourcecode.c.objc; path = AppDelegate.m; sourceTree = "<group>"; };
		F980177B1772E66F00AA9696 /* en */ = {isa = PBXFileReference; lastKnownFileType = file.storyboard; name = en; path = en.lproj/MainStoryboard.storyboard; sourceTree = "<group>"; };
		F980177D1772E66F00AA9696 /* ViewController.h */ = {isa = PBXFileReference; path = ViewController.h; sourceTree = "<group>"; };
		F980177E1772E66F00AA9696 /* ViewController.m */ = {isa = PBXFileReference; lastKnownFileType = sourcecode.c.objc; path = ViewController.m; sourceTree = "<group>"; };
		F98017851772E67000AA9696 /* RyanMarkTestProjectTests.octest */ = {isa = PBXFileReference; explicitFileType = wrapper.cfbundle; includeInIndex = 0; path = RyanMarkTestProjectTests.octest; sourceTree = BUILT_PRODUCTS_DIR; };
		F98017861772E67000AA9696 /* SenTestingKit.framework */ = {isa = PBXFileReference; lastKnownFileType = wrapper.framework; name = SenTestingKit.framework; path = Library/Frameworks/SenTestingKit.framework; sourceTree = DEVELOPER_DIR; };
		F980178E1772E67000AA9696 /* RyanMarkTestProjectTests-Info.plist */ = {isa = PBXFileReference; path = "RyanMarkTestProjectTests-Info.plist"; sourceTree = "<group>"; };
		F98017901772E67000AA9696 /* en */ = {isa = PBXFileReference; lastKnownFileType = text.plist.strings; name = en; path = en.lproj/InfoPlist.strings; sourceTree = "<group>"; };
		F98017921772E67000AA9696 /* RyanMarkTestProjectTests.h */ = {isa = PBXFileReference; path = RyanMarkTestProjectTests.h; sourceTree = "<group>"; };
		F98017931772E67000AA9696 /* RyanMarkTestProjectTests.m */ = {isa = PBXFileReference; lastKnownFileType = sourcecode.c.objc; path = RyanMarkTestProjectTests.m; sourceTree = "<group>"; };
/* End PBXFileReference section */

/* Begin PBXFrameworksBuildPhase section */
		F98017611772E66F00AA9696 /* Frameworks */ = {
			isa = PBXFrameworksBuildPhase;
			buildActionMask = 2147483647;
			files = (
				F98017691772E66F00AA9696 /* UIKit.framework in Frameworks */,
				F980176B1772E66F00AA9696 /* Foundation.framework in Frameworks */,
				F980176D1772E66F00AA9696 /* CoreGraphics.framework in Frameworks */,
			);
			runOnlyForDeploymentPostprocessing = 0;
		};
		F98017811772E67000AA9696 /* Frameworks */ = {
			isa = PBXFrameworksBuildPhase;
			buildActionMask = 2147483647;
			files = (
				F98017871772E67000AA9696 /* SenTestingKit.framework in Frameworks */,
				F98017881772E67000AA9696 /* UIKit.framework in Frameworks */,
				F98017891772E67000AA9696 /* Foundation.framework in Frameworks */,
			);
			runOnlyForDeploymentPostprocessing = 0;
		};
/* End PBXFrameworksBuildPhase section */

/* Begin PBXGroup section */
		F98017591772E66F00AA9696 = {
			isa = PBXGroup;
			children = (
				F980176E1772E66F00AA9696 /* RyanMarkTestProject */,
				F980178C1772E67000AA9696 /* RyanMarkTestProjectTests */,
				F98017671772E66F00AA9696 /* Frameworks */,
				F98017651772E66F00AA9696 /* Products */,
			);
			sourceTree = "<group>";
		};
		F98017651772E66F00AA9696 /* Products */ = {
			isa = PBXGroup;
			children = (
				F98017641772E66F00AA9696 /* RyanMarkTestProject.app */,
				F98017851772E67000AA9696 /* RyanMarkTestProjectTests.octest */,
			);
			name = Products;
			sourceTree = "<group>";
		};
		F98017671772E66F00AA9696 /* Frameworks */ = {
			isa = PBXGroup;
			children = (
				F98017681772E66F00AA9696 /* UIKit.framework */,
				F980176A1772E66F00AA9696 /* Foundation.framework */,
				F980176C1772E66F00AA9696 /* CoreGraphics.framework */,
				F98017861772E67000AA9696 /* SenTestingKit.framework */,
			);
			name = Frameworks;
			sourceTree = "<group>";
		};
		F980176E1772E66F00AA9696 /* RyanMarkTestProject */ = {
			isa = PBXGroup;
			children = (
				F98017771772E66F00AA9696 /* AppDelegate.h */,
				F98017781772E66F00AA9696 /* AppDelegate.m */,
				F980177A1772E66F00AA9696 /* MainStoryboard.storyboard */,
				F980177D1772E66F00AA9696 /* ViewController.h */,
				F980177E1772E66F00AA9696 /* ViewController.m */,
				F980176F1772E66F00AA9696 /* Supporting Files */,
			);
			path = RyanMarkTestProject;
			sourceTree = "<group>";
		};
		F980176F1772E66F00AA9696 /* Supporting Files */ = {
			isa = PBXGroup;
			children = (
				F98017701772E66F00AA9696 /* RyanMarkTestProject-Info.plist */,
				F98017711772E66F00AA9696 /* InfoPlist.strings */,
				F98017741772E66F00AA9696 /* main.m */,
				F98017761772E66F00AA9696 /* RyanMarkTestProject-Prefix.pch */,
			);
			name = "Supporting Files";
			sourceTree = "<group>";
		};
		F980178C1772E67000AA9696 /* RyanMarkTestProjectTests */ = {
			isa = PBXGroup;
			children = (
				F98017921772E67000AA9696 /* RyanMarkTestProjectTests.h */,
				F98017931772E67000AA9696 /* RyanMarkTestProjectTests.m */,
				F980178D1772E67000AA9696 /* Supporting Files */,
			);
			path = RyanMarkTestProjectTests;
			sourceTree = "<group>";
		};
		F980178D1772E67000AA9696 /* Supporting Files */ = {
			isa = PBXGroup;
			children = (
				F980178E1772E67000AA9696 /* RyanMarkTestProjectTests-Info.plist */,
				F980178F1772E67000AA9696 /* InfoPlist.strings */,
			);
			name = "Supporting Files";
			sourceTree = "<group>";
		};
/* End PBXGroup section */

/* Begin PBXNativeTarget section */
		F98017631772E66F00AA9696 /* RyanMarkTestProject */ = {
			isa = PBXNativeTarget;
			buildConfigurationList = F98017971772E67000AA9696 /* Build configuration list for PBXNativeTarget "RyanMarkTestProject" */;
			buildPhases = (
				F98017601772E66F00AA9696 /* Sources */,
				F98017611772E66F00AA9696 /* Frameworks */,
				F98017621772E66F00AA9696 /* Resources */,
			);
			buildRules = (
			);
			dependencies = (
			);
			name = RyanMarkTestProject;
			productName = RyanMarkTestProject;
			productReference = F98017641772E66F00AA9696 /* RyanMarkTestProject.app */;
			productType = "com.apple.product-type.application";
		};
		F98017841772E67000AA9696 /* RyanMarkTestProjectTests */ = {
			isa = PBXNativeTarget;
			buildConfigurationList = F980179A1772E67000AA9696 /* Build configuration list for PBXNativeTarget "RyanMarkTestProjectTests" */;
			buildPhases = (
				F98017801772E67000AA9696 /* Sources */,
				F98017811772E67000AA9696 /* Frameworks */,
				F98017821772E67000AA9696 /* Resources */,
				F98017831772E67000AA9696 /* ShellScript */,
			);
			buildRules = (
			);
			dependencies = (
				F980178B1772E67000AA9696 /* PBXTargetDependency */,
			);
			name = RyanMarkTestProjectTests;
			productName = RyanMarkTestProjectTests;
			productReference = F98017851772E67000AA9696 /* RyanMarkTestProjectTests.octest */;
			productType = "com.apple.product-type.bundle";
		};
/* End PBXNativeTarget section */

/* Begin PBXProject section */
		F980175B1772E66F00AA9696 /* Project object */ = {
			isa = PBXProject;
			attributes = {
				LastUpgradeCheck = 0420;
			};
			buildConfigurationList = F980175E1772E66F00AA9696 /* Build configuration list for PBXProject "RyanMarkTestProject" */;
			compatibilityVersion = "Xcode 3.2";
			developmentRegion = English;
			hasScannedForEncodings = 0;
			knownRegions = (
				en,
			);
			mainGroup = F98017591772E66F00AA9696;
			productRefGroup = F98017651772E66F00AA9696 /* Products */;
			projectDirPath = "";
			projectRoot = "";
			targets = (
				F98017631772E66F00AA9696 /* RyanMarkTestProject */,
				F98017841772E67000AA9696 /* RyanMarkTestProjectTests */,
			);
		};
/* End PBXProject section */

/* Begin PBXResourcesBuildPhase section */
		F98017621772E66F00AA9696 /* Resources */ = {
			isa = PBXResourcesBuildPhase;
			buildActionMask = 2147483647;
			files = (
				F98017731772E66F00AA9696 /* InfoPlist.strings in Resources */,
				F980177C1772E66F00AA9696 /* MainStoryboard.storyboard in Resources */,
			);
			runOnlyForDeploymentPostprocessing = 0;
		};
		F98017821772E67000AA9696 /* Resources */ = {
			isa = PBXResourcesBuildPhase;
			buildActionMask = 2147483647;
			files = (
				F98017911772E67000AA9696 /* InfoPlist.strings in Resources */,
			);
			runOnlyForDeploymentPostprocessing = 0;
		};
/* End PBXResourcesBuildPhase section */

/* Begin PBXShellScriptBuildPhase section */
		F98017831772E67000AA9696 /* ShellScript */ = {
			isa = PBXShellScriptBuildPhase;
			buildActionMask = 2147483647;
			files = (
			);
			inputPaths = (
			);
			outputPaths = (
			);
			runOnlyForDeploymentPostprocessing = 0;
			shellPath = /bin/sh;
			shellScript = "# Run the unit tests in this test bundle.\n\"${SYSTEM_DEVELOPER_DIR}/Tools/RunUnitTests\"\n";
		};
/* End PBXShellScriptBuildPhase section */

/* Begin PBXSourcesBuildPhase section */
		F98017601772E66F00AA9696 /* Sources */ = {
			isa = PBXSourcesBuildPhase;
			buildActionMask = 2147483647;
			files = (
				F98017751772E66F00AA9696 /* main.m in Sources */,
				F98017791772E66F00AA9696 /* AppDelegate.m in Sources */,
				F980177F1772E66F00AA9696 /* ViewController.m in Sources */,
			);
			runOnlyForDeploymentPostprocessing = 0;
		};
		F98017801772E67000AA9696 /* Sources */ = {
			isa = PBXSourcesBuildPhase;
			buildActionMask = 2147483647;
			files = (
				F98017941772E67000AA9696 /* RyanMarkTestProjectTests.m in Sources */,
			);
			runOnlyForDeploymentPostprocessing = 0;
		};
/* End PBXSourcesBuildPhase section */

/* Begin PBXTargetDependency section */
		F980178B1772E67000AA9696 /* PBXTargetDependency */ = {
			isa = PBXTargetDependency;
			target = F98017631772E66F00AA9696 /* RyanMarkTestProject */;
			targetProxy = F980178A1772E67000AA9696 /* PBXContainerItemProxy */;
		};
/* End PBXTargetDependency section */

/* Begin PBXVariantGroup section */
		F98017711772E66F00AA9696 /* InfoPlist.strings */ = {
			isa = PBXVariantGroup;
			children = (
				F98017721772E66F00AA9696 /* en */,
			);
			name = InfoPlist.strings;
			sourceTree = "<group>";
		};
		F980177A1772E66F00AA9696 /* MainStoryboard.storyboard */ = {
			isa = PBXVariantGroup;
			children = (
				F980177B1772E66F00AA9696 /* en */,
			);
			name = MainStoryboard.storyboard;
			sourceTree = "<group>";
		};
		F980178F1772E67000AA9696 /* InfoPlist.strings */ = {
			isa = PBXVariantGroup;
			children = (
				F98017901772E67000AA9696 /* en */,
			);
			name = InfoPlist.strings;
			sourceTree = "<group>";
		};
/* End PBXVariantGroup section */

/* Begin XCBuildConfiguration section */
		F98017951772E67000AA9696 /* Debug */ = {
			isa = XCBuildConfiguration;
			buildSettings = {
				ALWAYS_SEARCH_USER_PATHS = NO;
				ARCHS = "$(ARCHS_STANDARD_32_BIT)";
				CLANG_ENABLE_OBJC_ARC = YES;
				"CODE_SIGN_IDENTITY[sdk=iphoneos*]" = "iPhone Developer";
				COPY_PHASE_STRIP = NO;
				GCC_C_LANGUAGE_STANDARD = gnu99;
				GCC_DYNAMIC_NO_PIC = NO;
				GCC_OPTIMIZATION_LEVEL = 0;
				GCC_PREPROCESSOR_DEFINITIONS = (
					"DEBUG=1",
					"$(inherited)",
				);
				GCC_SYMBOLS_PRIVATE_EXTERN = NO;
				GCC_VERSION = com.apple.compilers.llvm.clang.1_0;
				GCC_WARN_ABOUT_MISSING_PROTOTYPES = YES;
				GCC_WARN_ABOUT_RETURN_TYPE = YES;
				GCC_WARN_UNUSED_VARIABLE = YES;
				IPHONEOS_DEPLOYMENT_TARGET = 5.0;
				SDKROOT = iphoneos;
			};
			name = Debug;
		};
		F98017961772E67000AA9696 /* Release */ = {
			isa = XCBuildConfiguration;
			buildSettings = {
				ALWAYS_SEARCH_USER_PATHS = NO;
				ARCHS = "$(ARCHS_STANDARD_32_BIT)";
				CLANG_ENABLE_OBJC_ARC = YES;
				"CODE_SIGN_IDENTITY[sdk=iphoneos*]" = "iPhone Developer";
				COPY_PHASE_STRIP = YES;
				GCC_C_LANGUAGE_STANDARD = gnu99;
				GCC_VERSION = com.apple.compilers.llvm.clang.1_0;
				GCC_WARN_ABOUT_MISSING_PROTOTYPES = YES;
				GCC_WARN_ABOUT_RETURN_TYPE = YES;
				GCC_WARN_UNUSED_VARIABLE = YES;
				IPHONEOS_DEPLOYMENT_TARGET = 5.0;
				OTHER_CFLAGS = "-DNS_BLOCK_ASSERTIONS=1";
				SDKROOT = iphoneos;
				VALIDATE_PRODUCT = YES;
			};
			name = Release;
		};
		F98017981772E67000AA9696 /* Debug */ = {
			isa = XCBuildConfiguration;
			buildSettings = {
				GCC_PRECOMPILE_PREFIX_HEADER = YES;
				GCC_PREFIX_HEADER = "RyanMarkTestProject/RyanMarkTestProject-Prefix.pch";
				INFOPLIST_FILE = "RyanMarkTestProject/RyanMarkTestProject-Info.plist";
				PRODUCT_NAME = "$(TARGET_NAME)";
				WRAPPER_EXTENSION = app;
			};
			name = Debug;
		};
		F98017991772E67000AA9696 /* Release */ = {
			isa = XCBuildConfiguration;
			buildSettings = {
				GCC_PRECOMPILE_PREFIX_HEADER = YES;
				GCC_PREFIX_HEADER = "RyanMarkTestProject/RyanMarkTestProject-Prefix.pch";
				INFOPLIST_FILE = "RyanMarkTestProject/RyanMarkTestProject-Info.plist";
				PRODUCT_NAME = "$(TARGET_NAME)";
				WRAPPER_EXTENSION = app;
			};
			name = Release;
		};
		F980179B1772E67000AA9696 /* Debug */ = {
			isa = XCBuildConfiguration;
			buildSettings = {
				BUNDLE_LOADER = "$(BUILT_PRODUCTS_DIR)/RyanMarkTestProject.app/RyanMarkTestProject";
				FRAMEWORK_SEARCH_PATHS = (
					"$(SDKROOT)/Developer/Library/Frameworks",
					"$(DEVELOPER_LIBRARY_DIR)/Frameworks",
				);
				GCC_PRECOMPILE_PREFIX_HEADER = YES;
				GCC_PREFIX_HEADER = "RyanMarkTestProject/RyanMarkTestProject-Prefix.pch";
				INFOPLIST_FILE = "RyanMarkTestProjectTests/RyanMarkTestProjectTests-Info.plist";
				PRODUCT_NAME = "$(TARGET_NAME)";
				TEST_HOST = "$(BUNDLE_LOADER)";
				WRAPPER_EXTENSION = octest;
			};
			name = Debug;
		};
		F980179C1772E67000AA9696 /* Release */ = {
			isa = XCBuildConfiguration;
			buildSettings = {
				BUNDLE_LOADER = "$(BUILT_PRODUCTS_DIR)/RyanMarkTestProject.app/RyanMarkTestProject";
				FRAMEWORK_SEARCH_PATHS = (
					"$(SDKROOT)/Developer/Library/Frameworks",
					"$(DEVELOPER_LIBRARY_DIR)/Frameworks",
				);
				GCC_PRECOMPILE_PREFIX_HEADER = YES;
				GCC_PREFIX_HEADER = "RyanMarkTestProject/RyanMarkTestProject-Prefix.pch";
				INFOPLIST_FILE = "RyanMarkTestProjectTests/RyanMarkTestProjectTests-Info.plist";
				PRODUCT_NAME = "$(TARGET_NAME)";
				TEST_HOST = "$(BUNDLE_LOADER)";
				WRAPPER_EXTENSION = octest;
			};
			name = Release;
		};
/* End XCBuildConfiguration section */

/* Begin XCConfigurationList section */
		F980175E1772E66F00AA9696 /* Build configuration list for PBXProject "RyanMarkTestProject" */ = {
			isa = XCConfigurationList;
			buildConfigurations = (
				F98017951772E67000AA9696 /* Debug */,
				F98017961772E67000AA9696 /* Release */,
			);
			defaultConfigurationIsVisible = 0;
			defaultConfigurationName = Release;
		};
		F98017971772E67000AA9696 /* Build configuration list for PBXNativeTarget "RyanMarkTestProject" */ = {
			isa = XCConfigurationList;
			buildConfigurations = (
				F98017981772E67000AA9696 /* Debug */,
				F98017991772E67000AA9696 /* Release */,
			);
			defaultConfigurationIsVisible = 0;
		};
		F980179A1772E67000AA9696 /* Build configuration list for PBXNativeTarget "RyanMarkTestProjectTests" */ = {
			isa = XCConfigurationList;
			buildConfigurations = (
				F980179B1772E67000AA9696 /* Debug */,
				F980179C1772E67000AA9696 /* Release */,
			);
			defaultConfigurationIsVisible = 0;
		};
/* End XCConfigurationList section */
	};
	rootObject = F980175B1772E66F00AA9696 /* Project object */;
}
